
Microsoft Visual Studio Solution File, Format Version 12.00
# Visual Studio Version 16
VisualStudioVersion = 16.6.30114.105
MinimumVisualStudioVersion = 10.0.40219.1
Project("{9A19103F-16F7-4668-BE54-9A1E7A4F7556}") = "ESourcing.Products", "ESourcing.Products\ESourcing.Products.csproj", "{47EBC052-CC68-4476-AE91-90E44A1917B4}"
EndProject
Project("{2150E333-8FDC-42A3-9474-1A3956D46DE8}") = "Products", "Products", "{5B05AB5C-B3B1-4E3F-BF12-169E7B7D88E9}"
EndProject
Project("{2150E333-8FDC-42A3-9474-1A3956D46DE8}") = "src", "src", "{6EE9C0EA-666E-452A-AEFC-7F3A24881EA1}"
EndProject
Project("{2150E333-8FDC-42A3-9474-1A3956D46DE8}") = "ApiGateway", "ApiGateway", "{A5A20C4A-874F-4D2B-954A-07EEB9F448CF}"
EndProject
Project("{2150E333-8FDC-42A3-9474-1A3956D46DE8}") = "Services", "Services", "{AEBB9784-67D5-4CDA-B034-E9DDB9EF6DCE}"
EndProject
Project("{2150E333-8FDC-42A3-9474-1A3956D46DE8}") = "WebAPP", "WebAPP", "{EDA0E73C-34CB-40F4-BEBA-83262C82C22C}"
EndProject
Project("{2150E333-8FDC-42A3-9474-1A3956D46DE8}") = "Common", "Common", "{1CC8974E-EF02-4098-ADFA-A53586393A83}"
EndProject
Project("{2150E333-8FDC-42A3-9474-1A3956D46DE8}") = "Order", "Order", "{1CFCAF8D-1C55-410D-A55D-D53CEB8D5F66}"
EndProject
Project("{2150E333-8FDC-42A3-9474-1A3956D46DE8}") = "Sourcing", "Sourcing", "{0EF031A6-A829-476C-BF99-543D741E9D07}"
EndProject
Project("{E53339B2-1760-4266-BCC7-CA923CBCF16C}") = "docker-compose", "docker-compose.dcproj", "{A698FC9D-06AD-4CA9-8B45-3CE17A35B917}"
EndProject
Project("{FAE04EC0-301F-11D3-BF4B-00C04F79EFBC}") = "ESourcing.Sourcing", "ESourcing.Sourcing\ESourcing.Sourcing.csproj", "{D7B5BBBB-4CE8-495B-83FB-6AB7BA13C8DA}"
EndProject
Global
	GlobalSection(SolutionConfigurationPlatforms) = preSolution
		Debug|Any CPU = Debug|Any CPU
		Debug|x64 = Debug|x64
		Debug|x86 = Debug|x86
		Release|Any CPU = Release|Any CPU
		Release|x64 = Release|x64
		Release|x86 = Release|x86
	EndGlobalSection
	GlobalSection(ProjectConfigurationPlatforms) = postSolution
		{47EBC052-CC68-4476-AE91-90E44A1917B4}.Debug|Any CPU.ActiveCfg = Debug|Any CPU
		{47EBC052-CC68-4476-AE91-90E44A1917B4}.Debug|Any CPU.Build.0 = Debug|Any CPU
		{47EBC052-CC68-4476-AE91-90E44A1917B4}.Debug|x64.ActiveCfg = Debug|Any CPU
		{47EBC052-CC68-4476-AE91-90E44A1917B4}.Debug|x64.Build.0 = Debug|Any CPU
		{47EBC052-CC68-4476-AE91-90E44A1917B4}.Debug|x86.ActiveCfg = Debug|Any CPU
		{47EBC052-CC68-4476-AE91-90E44A1917B4}.Debug|x86.Build.0 = Debug|Any CPU
		{47EBC052-CC68-4476-AE91-90E44A1917B4}.Release|Any CPU.ActiveCfg = Release|Any CPU
		{47EBC052-CC68-4476-AE91-90E44A1917B4}.Release|Any CPU.Build.0 = Release|Any CPU
		{47EBC052-CC68-4476-AE91-90E44A1917B4}.Release|x64.ActiveCfg = Release|Any CPU
		{47EBC052-CC68-4476-AE91-90E44A1917B4}.Release|x64.Build.0 = Release|Any CPU
		{47EBC052-CC68-4476-AE91-90E44A1917B4}.Release|x86.ActiveCfg = Release|Any CPU
		{47EBC052-CC68-4476-AE91-90E44A1917B4}.Release|x86.Build.0 = Release|Any CPU
		{A698FC9D-06AD-4CA9-8B45-3CE17A35B917}.Debug|Any CPU.ActiveCfg = Debug|Any CPU
		{A698FC9D-06AD-4CA9-8B45-3CE17A35B917}.Debug|Any CPU.Build.0 = Debug|Any CPU
		{A698FC9D-06AD-4CA9-8B45-3CE17A35B917}.Debug|x64.ActiveCfg = Debug|Any CPU
		{A698FC9D-06AD-4CA9-8B45-3CE17A35B917}.Debug|x64.Build.0 = Debug|Any CPU
		{A698FC9D-06AD-4CA9-8B45-3CE17A35B917}.Debug|x86.ActiveCfg = Debug|Any CPU
		{A698FC9D-06AD-4CA9-8B45-3CE17A35B917}.Debug|x86.Build.0 = Debug|Any CPU
		{A698FC9D-06AD-4CA9-8B45-3CE17A35B917}.Release|Any CPU.ActiveCfg = Release|Any CPU
		{A698FC9D-06AD-4CA9-8B45-3CE17A35B917}.Release|Any CPU.Build.0 = Release|Any CPU
		{A698FC9D-06AD-4CA9-8B45-3CE17A35B917}.Release|x64.ActiveCfg = Release|Any CPU
		{A698FC9D-06AD-4CA9-8B45-3CE17A35B917}.Release|x64.Build.0 = Release|Any CPU
		{A698FC9D-06AD-4CA9-8B45-3CE17A35B917}.Release|x86.ActiveCfg = Release|Any CPU
		{A698FC9D-06AD-4CA9-8B45-3CE17A35B917}.Release|x86.Build.0 = Release|Any CPU
		{D7B5BBBB-4CE8-495B-83FB-6AB7BA13C8DA}.Debug|Any CPU.ActiveCfg = Debug|Any CPU
		{D7B5BBBB-4CE8-495B-83FB-6AB7BA13C8DA}.Debug|Any CPU.Build.0 = Debug|Any CPU
		{D7B5BBBB-4CE8-495B-83FB-6AB7BA13C8DA}.Debug|x64.ActiveCfg = Debug|Any CPU
		{D7B5BBBB-4CE8-495B-83FB-6AB7BA13C8DA}.Debug|x64.Build.0 = Debug|Any CPU
		{D7B5BBBB-4CE8-495B-83FB-6AB7BA13C8DA}.Debug|x86.ActiveCfg = Debug|Any CPU
		{D7B5BBBB-4CE8-495B-83FB-6AB7BA13C8DA}.Debug|x86.Build.0 = Debug|Any CPU
		{D7B5BBBB-4CE8-495B-83FB-6AB7BA13C8DA}.Release|Any CPU.ActiveCfg = Release|Any CPU
		{D7B5BBBB-4CE8-495B-83FB-6AB7BA13C8DA}.Release|Any CPU.Build.0 = Release|Any CPU
		{D7B5BBBB-4CE8-495B-83FB-6AB7BA13C8DA}.Release|x64.ActiveCfg = Release|Any CPU
		{D7B5BBBB-4CE8-495B-83FB-6AB7BA13C8DA}.Release|x64.Build.0 = Release|Any CPU
		{D7B5BBBB-4CE8-495B-83FB-6AB7BA13C8DA}.Release|x86.ActiveCfg = Release|Any CPU
		{D7B5BBBB-4CE8-495B-83FB-6AB7BA13C8DA}.Release|x86.Build.0 = Release|Any CPU
	EndGlobalSection
	GlobalSection(SolutionProperties) = preSolution
		HideSolutionNode = FALSE
	EndGlobalSection
	GlobalSection(NestedProjects) = preSolution
		{47EBC052-CC68-4476-AE91-90E44A1917B4} = {5B05AB5C-B3B1-4E3F-BF12-169E7B7D88E9}
		{5B05AB5C-B3B1-4E3F-BF12-169E7B7D88E9} = {AEBB9784-67D5-4CDA-B034-E9DDB9EF6DCE}
		{A5A20C4A-874F-4D2B-954A-07EEB9F448CF} = {6EE9C0EA-666E-452A-AEFC-7F3A24881EA1}
		{AEBB9784-67D5-4CDA-B034-E9DDB9EF6DCE} = {6EE9C0EA-666E-452A-AEFC-7F3A24881EA1}
		{EDA0E73C-34CB-40F4-BEBA-83262C82C22C} = {6EE9C0EA-666E-452A-AEFC-7F3A24881EA1}
		{1CC8974E-EF02-4098-ADFA-A53586393A83} = {AEBB9784-67D5-4CDA-B034-E9DDB9EF6DCE}
		{1CFCAF8D-1C55-410D-A55D-D53CEB8D5F66} = {AEBB9784-67D5-4CDA-B034-E9DDB9EF6DCE}
		{0EF031A6-A829-476C-BF99-543D741E9D07} = {AEBB9784-67D5-4CDA-B034-E9DDB9EF6DCE}
		{D7B5BBBB-4CE8-495B-83FB-6AB7BA13C8DA} = {0EF031A6-A829-476C-BF99-543D741E9D07}
	EndGlobalSection
	GlobalSection(ExtensibilityGlobals) = postSolution
		SolutionGuid = {FEFBDCAD-B15B-42BC-9E9F-078FBDBAADA3}
	EndGlobalSection
EndGlobal
